// !$*UTF8*$!
{
	archiveVersion = 1;
	classes = {
	};
	objectVersion = 46;
	objects = {

/* Begin PBXBuildFile section */
		962F1E5A1C9D10040051F5D9 /* AppDelegate.swift in Sources */ = {isa = PBXBuildFile; fileRef = 962F1E591C9D10040051F5D9 /* AppDelegate.swift */; };
		962F1E5C1C9D10040051F5D9 /* ViewController.swift in Sources */ = {isa = PBXBuildFile; fileRef = 962F1E5B1C9D10040051F5D9 /* ViewController.swift */; };
		962F1E5F1C9D10040051F5D9 /* Main.storyboard in Resources */ = {isa = PBXBuildFile; fileRef = 962F1E5D1C9D10040051F5D9 /* Main.storyboard */; };
		962F1E611C9D10050051F5D9 /* Assets.xcassets in Resources */ = {isa = PBXBuildFile; fileRef = 962F1E601C9D10050051F5D9 /* Assets.xcassets */; };
		962F1E641C9D10050051F5D9 /* LaunchScreen.storyboard in Resources */ = {isa = PBXBuildFile; fileRef = 962F1E621C9D10050051F5D9 /* LaunchScreen.storyboard */; };
		962F1E6F1C9D10050051F5D9 /* NameGeneratorTests.swift in Sources */ = {isa = PBXBuildFile; fileRef = 962F1E6E1C9D10050051F5D9 /* NameGeneratorTests.swift */; };
		962F1E7A1C9D10050051F5D9 /* NameGeneratorUITests.swift in Sources */ = {isa = PBXBuildFile; fileRef = 962F1E791C9D10050051F5D9 /* NameGeneratorUITests.swift */; };
		962F1E881C9D12FC0051F5D9 /* GeneratedNameViewController.swift in Sources */ = {isa = PBXBuildFile; fileRef = 962F1E871C9D12FC0051F5D9 /* GeneratedNameViewController.swift */; };
/* End PBXBuildFile section */

/* Begin PBXContainerItemProxy section */
		962F1E6B1C9D10050051F5D9 /* PBXContainerItemProxy */ = {
			isa = PBXContainerItemProxy;
			containerPortal = 962F1E4E1C9D10040051F5D9 /* Project object */;
			proxyType = 1;
			remoteGlobalIDString = 962F1E551C9D10040051F5D9;
			remoteInfo = NameGenerator;
		};
		962F1E761C9D10050051F5D9 /* PBXContainerItemProxy */ = {
			isa = PBXContainerItemProxy;
			containerPortal = 962F1E4E1C9D10040051F5D9 /* Project object */;
			proxyType = 1;
			remoteGlobalIDString = 962F1E551C9D10040051F5D9;
			remoteInfo = NameGenerator;
		};
/* End PBXContainerItemProxy section */

/* Begin PBXFileReference section */
		962F1E561C9D10040051F5D9 /* NameGenerator.app */ = {isa = PBXFileReference; explicitFileType = wrapper.application; includeInIndex = 0; path = NameGenerator.app; sourceTree = BUILT_PRODUCTS_DIR; };
		962F1E591C9D10040051F5D9 /* AppDelegate.swift */ = {isa = PBXFileReference; lastKnownFileType = sourcecode.swift; path = AppDelegate.swift; sourceTree = "<group>"; };
		962F1E5B1C9D10040051F5D9 /* ViewController.swift */ = {isa = PBXFileReference; lastKnownFileType = sourcecode.swift; path = ViewController.swift; sourceTree = "<group>"; };
		962F1E5E1C9D10040051F5D9 /* Base */ = {isa = PBXFileReference; lastKnownFileType = file.storyboard; name = Base; path = Base.lproj/Main.storyboard; sourceTree = "<group>"; };
		962F1E601C9D10050051F5D9 /* Assets.xcassets */ = {isa = PBXFileReference; lastKnownFileType = folder.assetcatalog; path = Assets.xcassets; sourceTree = "<group>"; };
		962F1E631C9D10050051F5D9 /* Base */ = {isa = PBXFileReference; lastKnownFileType = file.storyboard; name = Base; path = Base.lproj/LaunchScreen.storyboard; sourceTree = "<group>"; };
		962F1E651C9D10050051F5D9 /* Info.plist */ = {isa = PBXFileReference; lastKnownFileType = text.plist.xml; path = Info.plist; sourceTree = "<group>"; };
		962F1E6A1C9D10050051F5D9 /* NameGeneratorTests.xctest */ = {isa = PBXFileReference; explicitFileType = wrapper.cfbundle; includeInIndex = 0; path = NameGeneratorTests.xctest; sourceTree = BUILT_PRODUCTS_DIR; };
		962F1E6E1C9D10050051F5D9 /* NameGeneratorTests.swift */ = {isa = PBXFileReference; lastKnownFileType = sourcecode.swift; path = NameGeneratorTests.swift; sourceTree = "<group>"; };
		962F1E701C9D10050051F5D9 /* Info.plist */ = {isa = PBXFileReference; lastKnownFileType = text.plist.xml; path = Info.plist; sourceTree = "<group>"; };
		962F1E751C9D10050051F5D9 /* NameGeneratorUITests.xctest */ = {isa = PBXFileReference; explicitFileType = wrapper.cfbundle; includeInIndex = 0; path = NameGeneratorUITests.xctest; sourceTree = BUILT_PRODUCTS_DIR; };
		962F1E791C9D10050051F5D9 /* NameGeneratorUITests.swift */ = {isa = PBXFileReference; lastKnownFileType = sourcecode.swift; path = NameGeneratorUITests.swift; sourceTree = "<group>"; };
		962F1E7B1C9D10050051F5D9 /* Info.plist */ = {isa = PBXFileReference; lastKnownFileType = text.plist.xml; path = Info.plist; sourceTree = "<group>"; };
		962F1E871C9D12FC0051F5D9 /* GeneratedNameViewController.swift */ = {isa = PBXFileReference; fileEncoding = 4; lastKnownFileType = sourcecode.swift; path = GeneratedNameViewController.swift; sourceTree = "<group>"; };
/* End PBXFileReference section */

/* Begin PBXFrameworksBuildPhase section */
		962F1E531C9D10040051F5D9 /* Frameworks */ = {
			isa = PBXFrameworksBuildPhase;
			buildActionMask = 2147483647;
			files = (
			);
			runOnlyForDeploymentPostprocessing = 0;
		};
		962F1E671C9D10050051F5D9 /* Frameworks */ = {
			isa = PBXFrameworksBuildPhase;
			buildActionMask = 2147483647;
			files = (
			);
			runOnlyForDeploymentPostprocessing = 0;
		};
		962F1E721C9D10050051F5D9 /* Frameworks */ = {
			isa = PBXFrameworksBuildPhase;
			buildActionMask = 2147483647;
			files = (
			);
			runOnlyForDeploymentPostprocessing = 0;
		};
/* End PBXFrameworksBuildPhase section */

/* Begin PBXGroup section */
		962F1E4D1C9D10040051F5D9 = {
			isa = PBXGroup;
			children = (
				962F1E581C9D10040051F5D9 /* NameGenerator */,
				962F1E6D1C9D10050051F5D9 /* NameGeneratorTests */,
				962F1E781C9D10050051F5D9 /* NameGeneratorUITests */,
				962F1E571C9D10040051F5D9 /* Products */,
			);
			sourceTree = "<group>";
		};
		962F1E571C9D10040051F5D9 /* Products */ = {
			isa = PBXGroup;
			children = (
				962F1E561C9D10040051F5D9 /* NameGenerator.app */,
				962F1E6A1C9D10050051F5D9 /* NameGeneratorTests.xctest */,
				962F1E751C9D10050051F5D9 /* NameGeneratorUITests.xctest */,
			);
			name = Products;
			sourceTree = "<group>";
		};
		962F1E581C9D10040051F5D9 /* NameGenerator */ = {
			isa = PBXGroup;
			children = (
				962F1E591C9D10040051F5D9 /* AppDelegate.swift */,
				962F1E5B1C9D10040051F5D9 /* ViewController.swift */,
				962F1E871C9D12FC0051F5D9 /* GeneratedNameViewController.swift */,
				962F1E5D1C9D10040051F5D9 /* Main.storyboard */,
				962F1E601C9D10050051F5D9 /* Assets.xcassets */,
				962F1E621C9D10050051F5D9 /* LaunchScreen.storyboard */,
				962F1E651C9D10050051F5D9 /* Info.plist */,
			);
			path = NameGenerator;
			sourceTree = "<group>";
		};
		962F1E6D1C9D10050051F5D9 /* NameGeneratorTests */ = {
			isa = PBXGroup;
			children = (
				962F1E6E1C9D10050051F5D9 /* NameGeneratorTests.swift */,
				962F1E701C9D10050051F5D9 /* Info.plist */,
			);
			path = NameGeneratorTests;
			sourceTree = "<group>";
		};
		962F1E781C9D10050051F5D9 /* NameGeneratorUITests */ = {
			isa = PBXGroup;
			children = (
				962F1E791C9D10050051F5D9 /* NameGeneratorUITests.swift */,
				962F1E7B1C9D10050051F5D9 /* Info.plist */,
			);
			path = NameGeneratorUITests;
			sourceTree = "<group>";
		};
/* End PBXGroup section */

/* Begin PBXNativeTarget section */
		962F1E551C9D10040051F5D9 /* NameGenerator */ = {
			isa = PBXNativeTarget;
			buildConfigurationList = 962F1E7E1C9D10050051F5D9 /* Build configuration list for PBXNativeTarget "NameGenerator" */;
			buildPhases = (
				962F1E521C9D10040051F5D9 /* Sources */,
				962F1E531C9D10040051F5D9 /* Frameworks */,
				962F1E541C9D10040051F5D9 /* Resources */,
			);
			buildRules = (
			);
			dependencies = (
			);
			name = NameGenerator;
			productName = NameGenerator;
			productReference = 962F1E561C9D10040051F5D9 /* NameGenerator.app */;
			productType = "com.apple.product-type.application";
		};
		962F1E691C9D10050051F5D9 /* NameGeneratorTests */ = {
			isa = PBXNativeTarget;
			buildConfigurationList = 962F1E811C9D10050051F5D9 /* Build configuration list for PBXNativeTarget "NameGeneratorTests" */;
			buildPhases = (
				962F1E661C9D10050051F5D9 /* Sources */,
				962F1E671C9D10050051F5D9 /* Frameworks */,
				962F1E681C9D10050051F5D9 /* Resources */,
			);
			buildRules = (
			);
			dependencies = (
				962F1E6C1C9D10050051F5D9 /* PBXTargetDependency */,
			);
			name = NameGeneratorTests;
			productName = NameGeneratorTests;
			productReference = 962F1E6A1C9D10050051F5D9 /* NameGeneratorTests.xctest */;
			productType = "com.apple.product-type.bundle.unit-test";
		};
		962F1E741C9D10050051F5D9 /* NameGeneratorUITests */ = {
			isa = PBXNativeTarget;
			buildConfigurationList = 962F1E841C9D10050051F5D9 /* Build configuration list for PBXNativeTarget "NameGeneratorUITests" */;
			buildPhases = (
				962F1E711C9D10050051F5D9 /* Sources */,
				962F1E721C9D10050051F5D9 /* Frameworks */,
				962F1E731C9D10050051F5D9 /* Resources */,
			);
			buildRules = (
			);
			dependencies = (
				962F1E771C9D10050051F5D9 /* PBXTargetDependency */,
			);
			name = NameGeneratorUITests;
			productName = NameGeneratorUITests;
			productReference = 962F1E751C9D10050051F5D9 /* NameGeneratorUITests.xctest */;
			productType = "com.apple.product-type.bundle.ui-testing";
		};
/* End PBXNativeTarget section */

/* Begin PBXProject section */
		962F1E4E1C9D10040051F5D9 /* Project object */ = {
			isa = PBXProject;
			attributes = {
				LastSwiftUpdateCheck = 0720;
				LastUpgradeCheck = 0720;
				ORGANIZATIONNAME = mecar6;
				TargetAttributes = {
					962F1E551C9D10040051F5D9 = {
						CreatedOnToolsVersion = 7.2.1;
					};
					962F1E691C9D10050051F5D9 = {
						CreatedOnToolsVersion = 7.2.1;
						TestTargetID = 962F1E551C9D10040051F5D9;
					};
					962F1E741C9D10050051F5D9 = {
						CreatedOnToolsVersion = 7.2.1;
						TestTargetID = 962F1E551C9D10040051F5D9;
					};
				};
			};
			buildConfigurationList = 962F1E511C9D10040051F5D9 /* Build configuration list for PBXProject "NameGenerator" */;
			compatibilityVersion = "Xcode 3.2";
			developmentRegion = English;
			hasScannedForEncodings = 0;
			knownRegions = (
				en,
				Base,
			);
			mainGroup = 962F1E4D1C9D10040051F5D9;
			productRefGroup = 962F1E571C9D10040051F5D9 /* Products */;
			projectDirPath = "";
			projectRoot = "";
			targets = (
				962F1E551C9D10040051F5D9 /* NameGenerator */,
				962F1E691C9D10050051F5D9 /* NameGeneratorTests */,
				962F1E741C9D10050051F5D9 /* NameGeneratorUITests */,
			);
		};
/* End PBXProject section */

/* Begin PBXResourcesBuildPhase section */
		962F1E541C9D10040051F5D9 /* Resources */ = {
			isa = PBXResourcesBuildPhase;
			buildActionMask = 2147483647;
			files = (
				962F1E641C9D10050051F5D9 /* LaunchScreen.storyboard in Resources */,
				962F1E611C9D10050051F5D9 /* Assets.xcassets in Resources */,
				962F1E5F1C9D10040051F5D9 /* Main.storyboard in Resources */,
			);
			runOnlyForDeploymentPostprocessing = 0;
		};
		962F1E681C9D10050051F5D9 /* Resources */ = {
			isa = PBXResourcesBuildPhase;
			buildActionMask = 2147483647;
			files = (
			);
			runOnlyForDeploymentPostprocessing = 0;
		};
		962F1E731C9D10050051F5D9 /* Resources */ = {
			isa = PBXResourcesBuildPhase;
			buildActionMask = 2147483647;
			files = (
			);
			runOnlyForDeploymentPostprocessing = 0;
		};
/* End PBXResourcesBuildPhase section */

/* Begin PBXSourcesBuildPhase section */
		962F1E521C9D10040051F5D9 /* Sources */ = {
			isa = PBXSourcesBuildPhase;
			buildActionMask = 2147483647;
			files = (
				962F1E5C1C9D10040051F5D9 /* ViewController.swift in Sources */,
				962F1E881C9D12FC0051F5D9 /* GeneratedNameViewController.swift in Sources */,
				962F1E5A1C9D10040051F5D9 /* AppDelegate.swift in Sources */,
			);
			runOnlyForDeploymentPostprocessing = 0;
		};
		962F1E661C9D10050051F5D9 /* Sources */ = {
			isa = PBXSourcesBuildPhase;
			buildActionMask = 2147483647;
			files = (
				962F1E6F1C9D10050051F5D9 /* NameGeneratorTests.swift in Sources */,
			);
			runOnlyForDeploymentPostprocessing = 0;
		};
		962F1E711C9D10050051F5D9 /* Sources */ = {
			isa = PBXSourcesBuildPhase;
			buildActionMask = 2147483647;
			files = (
				962F1E7A1C9D10050051F5D9 /* NameGeneratorUITests.swift in Sources */,
			);
			runOnlyForDeploymentPostprocessing = 0;
		};
/* End PBXSourcesBuildPhase section */

/* Begin PBXTargetDependency section */
		962F1E6C1C9D10050051F5D9 /* PBXTargetDependency */ = {
			isa = PBXTargetDependency;
			target = 962F1E551C9D10040051F5D9 /* NameGenerator */;
			targetProxy = 962F1E6B1C9D10050051F5D9 /* PBXContainerItemProxy */;
		};
		962F1E771C9D10050051F5D9 /* PBXTargetDependency */ = {
			isa = PBXTargetDependency;
			target = 962F1E551C9D10040051F5D9 /* NameGenerator */;
			targetProxy = 962F1E761C9D10050051F5D9 /* PBXContainerItemProxy */;
		};
/* End PBXTargetDependency section */

/* Begin PBXVariantGroup section */
		962F1E5D1C9D10040051F5D9 /* Main.storyboard */ = {
			isa = PBXVariantGroup;
			children = (
				962F1E5E1C9D10040051F5D9 /* Base */,
			);
			name = Main.storyboard;
			sourceTree = "<group>";
		};
		962F1E621C9D10050051F5D9 /* LaunchScreen.storyboard */ = {
			isa = PBXVariantGroup;
			children = (
				962F1E631C9D10050051F5D9 /* Base */,
			);
			name = LaunchScreen.storyboard;
			sourceTree = "<group>";
		};
/* End PBXVariantGroup section */

/* Begin XCBuildConfiguration section */
		962F1E7C1C9D10050051F5D9 /* Debug */ = {
			isa = XCBuildConfiguration;
			buildSettings = {
				ALWAYS_SEARCH_USER_PATHS = NO;
				CLANG_CXX_LANGUAGE_STANDARD = "gnu++0x";
				CLANG_CXX_LIBRARY = "libc++";
				CLANG_ENABLE_MODULES = YES;
				CLANG_ENABLE_OBJC_ARC = YES;
				CLANG_WARN_BOOL_CONVERSION = YES;
				CLANG_WARN_CONSTANT_CONVERSION = YES;
				CLANG_WARN_DIRECT_OBJC_ISA_USAGE = YES_ERROR;
				CLANG_WARN_EMPTY_BODY = YES;
				CLANG_WARN_ENUM_CONVERSION = YES;
				CLANG_WARN_INT_CONVERSION = YES;
				CLANG_WARN_OBJC_ROOT_CLASS = YES_ERROR;
				CLANG_WARN_UNREACHABLE_CODE = YES;
				CLANG_WARN__DUPLICATE_METHOD_MATCH = YES;
				"CODE_SIGN_IDENTITY[sdk=iphoneos*]" = "iPhone Developer";
				COPY_PHASE_STRIP = NO;
				DEBUG_INFORMATION_FORMAT = dwarf;
				ENABLE_STRICT_OBJC_MSGSEND = YES;
				ENABLE_TESTABILITY = YES;
				GCC_C_LANGUAGE_STANDARD = gnu99;
				GCC_DYNAMIC_NO_PIC = NO;
				GCC_NO_COMMON_BLOCKS = YES;
				GCC_OPTIMIZATION_LEVEL = 0;
				GCC_PREPROCESSOR_DEFINITIONS = (
					"DEBUG=1",
					"$(inherited)",
				);
				GCC_WARN_64_TO_32_BIT_CONVERSION = YES;
				GCC_WARN_ABOUT_RETURN_TYPE = YES_ERROR;
				GCC_WARN_UNDECLARED_SELECTOR = YES;
				GCC_WARN_UNINITIALIZED_AUTOS = YES_AGGRESSIVE;
				GCC_WARN_UNUSED_FUNCTION = YES;
				GCC_WARN_UNUSED_VARIABLE = YES;
				IPHONEOS_DEPLOYMENT_TARGET = 9.2;
				MTL_ENABLE_DEBUG_INFO = YES;
				ONLY_ACTIVE_ARCH = YES;
				SDKROOT = iphoneos;
				SWIFT_OPTIMIZATION_LEVEL = "-Onone";
			};
			name = Debug;
		};
		962F1E7D1C9D10050051F5D9 /* Release */ = {
			isa = XCBuildConfiguration;
			buildSettings = {
				ALWAYS_SEARCH_USER_PATHS = NO;
				CLANG_CXX_LANGUAGE_STANDARD = "gnu++0x";
				CLANG_CXX_LIBRARY = "libc++";
				CLANG_ENABLE_MODULES = YES;
				CLANG_ENABLE_OBJC_ARC = YES;
				CLANG_WARN_BOOL_CONVERSION = YES;
				CLANG_WARN_CONSTANT_CONVERSION = YES;
				CLANG_WARN_DIRECT_OBJC_ISA_USAGE = YES_ERROR;
				CLANG_WARN_EMPTY_BODY = YES;
				CLANG_WARN_ENUM_CONVERSION = YES;
				CLANG_WARN_INT_CONVERSION = YES;
				CLANG_WARN_OBJC_ROOT_CLASS = YES_ERROR;
				CLANG_WARN_UNREACHABLE_CODE = YES;
				CLANG_WARN__DUPLICATE_METHOD_MATCH = YES;
				"CODE_SIGN_IDENTITY[sdk=iphoneos*]" = "iPhone Developer";
				COPY_PHASE_STRIP = NO;
				DEBUG_INFORMATION_FORMAT = "dwarf-with-dsym";
				ENABLE_NS_ASSERTIONS = NO;
				ENABLE_STRICT_OBJC_MSGSEND = YES;
				GCC_C_LANGUAGE_STANDARD = gnu99;
				GCC_NO_COMMON_BLOCKS = YES;
				GCC_WARN_64_TO_32_BIT_CONVERSION = YES;
				GCC_WARN_ABOUT_RETURN_TYPE = YES_ERROR;
				GCC_WARN_UNDECLARED_SELECTOR = YES;
				GCC_WARN_UNINITIALIZED_AUTOS = YES_AGGRESSIVE;
				GCC_WARN_UNUSED_FUNCTION = YES;
				GCC_WARN_UNUSED_VARIABLE = YES;
				IPHONEOS_DEPLOYMENT_TARGET = 9.2;
				MTL_ENABLE_DEBUG_INFO = NO;
				SDKROOT = iphoneos;
				VALIDATE_PRODUCT = YES;
			};
			name = Release;
		};
		962F1E7F1C9D10050051F5D9 /* Debug */ = {
			isa = XCBuildConfiguration;
			buildSettings = {
				ASSETCATALOG_COMPILER_APPICON_NAME = AppIcon;
				INFOPLIST_FILE = NameGenerator/Info.plist;
				LD_RUNPATH_SEARCH_PATHS = "$(inherited) @executable_path/Frameworks";
				PRODUCT_BUNDLE_IDENTIFIER = mecar6.NameGenerator;
				PRODUCT_NAME = "$(TARGET_NAME)";
			};
			name = Debug;
		};
		962F1E801C9D10050051F5D9 /* Release */ = {
			isa = XCBuildConfiguration;
			buildSettings = {
				ASSETCATALOG_COMPILER_APPICON_NAME = AppIcon;
				INFOPLIST_FILE = NameGenerator/Info.plist;
				LD_RUNPATH_SEARCH_PATHS = "$(inherited) @executable_path/Frameworks";
				PRODUCT_BUNDLE_IDENTIFIER = mecar6.NameGenerator;
				PRODUCT_NAME = "$(TARGET_NAME)";
			};
			name = Release;
		};
		962F1E821C9D10050051F5D9 /* Debug */ = {
			isa = XCBuildConfiguration;
			buildSettings = {
				BUNDLE_LOADER = "$(TEST_HOST)";
				INFOPLIST_FILE = NameGeneratorTests/Info.plist;
				LD_RUNPATH_SEARCH_PATHS = "$(inherited) @executable_path/Frameworks @loader_path/Frameworks";
				PRODUCT_BUNDLE_IDENTIFIER = mecar6.NameGeneratorTests;
				PRODUCT_NAME = "$(TARGET_NAME)";
				TEST_HOST = "$(BUILT_PRODUCTS_DIR)/NameGenerator.app/NameGenerator";
			};
			name = Debug;
		};
		962F1E831C9D10050051F5D9 /* Release */ = {
			isa = XCBuildConfiguration;
			buildSettings = {
				BUNDLE_LOADER = "$(TEST_HOST)";
				INFOPLIST_FILE = NameGeneratorTests/Info.plist;
				LD_RUNPATH_SEARCH_PATHS = "$(inherited) @executable_path/Frameworks @loader_path/Frameworks";
				PRODUCT_BUNDLE_IDENTIFIER = mecar6.NameGeneratorTests;
				PRODUCT_NAME = "$(TARGET_NAME)";
				TEST_HOST = "$(BUILT_PRODUCTS_DIR)/NameGenerator.app/NameGenerator";
			};
			name = Release;
		};
		962F1E851C9D10050051F5D9 /* Debug */ = {
			isa = XCBuildConfiguration;
			buildSettings = {
				INFOPLIST_FILE = NameGeneratorUITests/Info.plist;
				LD_RUNPATH_SEARCH_PATHS = "$(inherited) @executable_path/Frameworks @loader_path/Frameworks";
				PRODUCT_BUNDLE_IDENTIFIER = mecar6.NameGeneratorUITests;
				PRODUCT_NAME = "$(TARGET_NAME)";
				TEST_TARGET_NAME = NameGenerator;
				USES_XCTRUNNER = YES;
			};
			name = Debug;
		};
		962F1E861C9D10050051F5D9 /* Release */ = {
			isa = XCBuildConfiguration;
			buildSettings = {
				INFOPLIST_FILE = NameGeneratorUITests/Info.plist;
				LD_RUNPATH_SEARCH_PATHS = "$(inherited) @executable_path/Frameworks @loader_path/Frameworks";
				PRODUCT_BUNDLE_IDENTIFIER = mecar6.NameGeneratorUITests;
				PRODUCT_NAME = "$(TARGET_NAME)";
				TEST_TARGET_NAME = NameGenerator;
				USES_XCTRUNNER = YES;
			};
			name = Release;
		};
/* End XCBuildConfiguration section */

/* Begin XCConfigurationList section */
		962F1E511C9D10040051F5D9 /* Build configuration list for PBXProject "NameGenerator" */ = {
			isa = XCConfigurationList;
			buildConfigurations = (
				962F1E7C1C9D10050051F5D9 /* Debug */,
				962F1E7D1C9D10050051F5D9 /* Release */,
			);
			defaultConfigurationIsVisible = 0;
			defaultConfigurationName = Release;
		};
		962F1E7E1C9D10050051F5D9 /* Build configuration list for PBXNativeTarget "NameGenerator" */ = {
			isa = XCConfigurationList;
			buildConfigurations = (
				962F1E7F1C9D10050051F5D9 /* Debug */,
				962F1E801C9D10050051F5D9 /* Release */,
			);
			defaultConfigurationIsVisible = 0;
		};
		962F1E811C9D10050051F5D9 /* Build configuration list for PBXNativeTarget "NameGeneratorTests" */ = {
			isa = XCConfigurationList;
			buildConfigurations = (
				962F1E821C9D10050051F5D9 /* Debug */,
				962F1E831C9D10050051F5D9 /* Release */,
			);
			defaultConfigurationIsVisible = 0;
		};
		962F1E841C9D10050051F5D9 /* Build configuration list for PBXNativeTarget "NameGeneratorUITests" */ = {
			isa = XCConfigurationList;
			buildConfigurations = (
				962F1E851C9D10050051F5D9 /* Debug */,
				962F1E861C9D10050051F5D9 /* Release */,
			);
			defaultConfigurationIsVisible = 0;
		};
/* End XCConfigurationList section */
	};
	rootObject = 962F1E4E1C9D10040051F5D9 /* Project object */;
}
